
Microsoft Visual Studio Solution File, Format Version 12.00
# Visual Studio 15
VisualStudioVersion = 15.0.28307.1022
MinimumVisualStudioVersion = 10.0.40219.1
Project("{FAE04EC0-301F-11D3-BF4B-00C04F79EFBC}") = "Salary-Calculator", "Salary-Calculator\Salary-Calculator.csproj", "{597A3192-DE8A-496F-B9D8-5772A7BB84B7}"
EndProject
Project("{FAE04EC0-301F-11D3-BF4B-00C04F79EFBC}") = "Utilities", "Utilities\Utilities.csproj", "{08BA1A75-5A8E-4C9C-9B16-0B03F62EB299}"
EndProject
Global
	GlobalSection(SolutionConfigurationPlatforms) = preSolution
		Debug|Any CPU = Debug|Any CPU
		Release|Any CPU = Release|Any CPU
	EndGlobalSection
	GlobalSection(ProjectConfigurationPlatforms) = postSolution
		{597A3192-DE8A-496F-B9D8-5772A7BB84B7}.Debug|Any CPU.ActiveCfg = Debug|Any CPU
		{597A3192-DE8A-496F-B9D8-5772A7BB84B7}.Debug|Any CPU.Build.0 = Debug|Any CPU
		{597A3192-DE8A-496F-B9D8-5772A7BB84B7}.Release|Any CPU.ActiveCfg = Release|Any CPU
		{597A3192-DE8A-496F-B9D8-5772A7BB84B7}.Release|Any CPU.Build.0 = Release|Any CPU
		{08BA1A75-5A8E-4C9C-9B16-0B03F62EB299}.Debug|Any CPU.ActiveCfg = Debug|Any CPU
		{08BA1A75-5A8E-4C9C-9B16-0B03F62EB299}.Debug|Any CPU.Build.0 = Debug|Any CPU
		{08BA1A75-5A8E-4C9C-9B16-0B03F62EB299}.Release|Any CPU.ActiveCfg = Release|Any CPU
		{08BA1A75-5A8E-4C9C-9B16-0B03F62EB299}.Release|Any CPU.Build.0 = Release|Any CPU
	EndGlobalSection
	GlobalSection(SolutionProperties) = preSolution
		HideSolutionNode = FALSE
	EndGlobalSection
	GlobalSection(ExtensibilityGlobals) = postSolution
		SolutionGuid = {3B2C88E5-FE5B-4703-903C-07E27CA7CFFB}
	EndGlobalSection
EndGlobal
